
Microsoft Visual Studio Solution File, Format Version 12.00
# Visual Studio Version 17
VisualStudioVersion = 17.1.32210.238
MinimumVisualStudioVersion = 10.0.40219.1
Project("{FAE04EC0-301F-11D3-BF4B-00C04F79EFBC}") = "W2L4WinFormsApp", "W2L4WinFormsApp\W2L4WinFormsApp.csproj", "{8C280B8F-800F-4881-A504-B3E6492AEC9C}"
EndProject
Project("{FAE04EC0-301F-11D3-BF4B-00C04F79EFBC}") = "CMSWinFormsApp", "CMSWinFormsApp\CMSWinFormsApp.csproj", "{E4FAAE1E-D3DA-4A42-81B6-791E9869CEE4}"
EndProject
Global
	GlobalSection(SolutionConfigurationPlatforms) = preSolution
		Debug|Any CPU = Debug|Any CPU
		Release|Any CPU = Release|Any CPU
	EndGlobalSection
	GlobalSection(ProjectConfigurationPlatforms) = postSolution
		{8C280B8F-800F-4881-A504-B3E6492AEC9C}.Debug|Any CPU.ActiveCfg = Debug|Any CPU
		{8C280B8F-800F-4881-A504-B3E6492AEC9C}.Debug|Any CPU.Build.0 = Debug|Any CPU
		{8C280B8F-800F-4881-A504-B3E6492AEC9C}.Release|Any CPU.ActiveCfg = Release|Any CPU
		{8C280B8F-800F-4881-A504-B3E6492AEC9C}.Release|Any CPU.Build.0 = Release|Any CPU
		{E4FAAE1E-D3DA-4A42-81B6-791E9869CEE4}.Debug|Any CPU.ActiveCfg = Debug|Any CPU
		{E4FAAE1E-D3DA-4A42-81B6-791E9869CEE4}.Debug|Any CPU.Build.0 = Debug|Any CPU
		{E4FAAE1E-D3DA-4A42-81B6-791E9869CEE4}.Release|Any CPU.ActiveCfg = Release|Any CPU
		{E4FAAE1E-D3DA-4A42-81B6-791E9869CEE4}.Release|Any CPU.Build.0 = Release|Any CPU
	EndGlobalSection
	GlobalSection(SolutionProperties) = preSolution
		HideSolutionNode = FALSE
	EndGlobalSection
	GlobalSection(ExtensibilityGlobals) = postSolution
		SolutionGuid = {27F2211A-D97E-49D9-ADF9-BCACF7AFD480}
	EndGlobalSection
EndGlobal
